<?xml version="1.0" encoding="utf-8"?>
<Project ToolsVersion="4.0" xmlns="http://schemas.microsoft.com/developer/msbuild/2003">
  <ItemGroup>
    <CustomBuild Include="parser.y">
      <Filter>Grammar</Filter>
    </CustomBuild>
    <CustomBuild Include="lexer.l">
      <Filter>Grammar</Filter>
    </CustomBuild>
  </ItemGroup>
  <ItemGroup>
    <Filter Include="Generated Files">
      <UniqueIdentifier>{9a567e8a-504d-44fd-a820-9753a3417b76}</UniqueIdentifier>
    </Filter>
    <Filter Include="Grammar">
      <UniqueIdentifier>{39f065da-484d-40be-acb2-22fa4e6aa4b8}</UniqueIdentifier>
    </Filter>
    <Filter Include="Resource Files">
      <UniqueIdentifier>{204a8216-3dea-4e91-97b4-dc6d87d6ed1e}</UniqueIdentifier>
    </Filter>
    <Filter Include="Header Files">
      <UniqueIdentifier>{f6e98378-6d52-4679-af99-9b88285266df}</UniqueIdentifier>
    </Filter>
  </ItemGroup>
  <ItemGroup>
    <Text Include="input.shf">
      <Filter>Resource Files</Filter>
    </Text>
  </ItemGroup>
  <ItemGroup>
    <ClInclude Include="common.hpp">
      <Filter>Header Files</Filter>
    </ClInclude>
    <ClInclude Include="parser.hpp">
      <Filter>Generated Files</Filter>
    </ClInclude>
  </ItemGroup>
  <ItemGroup>
    <ClCompile Include="lexer.c">
      <Filter>Generated Files</Filter>
    </ClCompile>
    <ClCompile Include="parser.cpp">
      <Filter>Generated Files</Filter>
    </ClCompile>
    <ClCompile Include="main.cpp" />
  </ItemGroup>
</Project>